// !$*UTF8*$!
{
	archiveVersion = 1;
	classes = {
	};
	objectVersion = 50;
	objects = {

/* Begin PBXBuildFile section */
		306F0A41218D114A00468250 /* menuToProfile.swift in Sources */ = {isa = PBXBuildFile; fileRef = 306F0A40218D114A00468250 /* menuToProfile.swift */; };
		306F0A4F218D11F500468250 /* test.swift in Sources */ = {isa = PBXBuildFile; fileRef = 306F0A4E218D11F500468250 /* test.swift */; };
		306F0A5D218D121E00468250 /* TrackPointUITests1.swift in Sources */ = {isa = PBXBuildFile; fileRef = 306F0A5C218D121E00468250 /* TrackPointUITests1.swift */; };
		30F5C918218BADCC0053B6CE /* MedicationPopUpViewController.swift in Sources */ = {isa = PBXBuildFile; fileRef = 30F5C917218BADCC0053B6CE /* MedicationPopUpViewController.swift */; };
		4939476A218B72FD0033C16B /* collect.swift in Sources */ = {isa = PBXBuildFile; fileRef = 49394769218B72FD0033C16B /* collect.swift */; };
		49E3C84521962FF7007297D4 /* LocalDataSaver.swift in Sources */ = {isa = PBXBuildFile; fileRef = 49E3C84421962FF7007297D4 /* LocalDataSaver.swift */; };
		D20784122181795400F653B9 /* GameScreen.swift in Sources */ = {isa = PBXBuildFile; fileRef = D20784112181795400F653B9 /* GameScreen.swift */; };
		D23BEF482187F99800B944E9 /* MainMenu.swift in Sources */ = {isa = PBXBuildFile; fileRef = D23BEF472187F99800B944E9 /* MainMenu.swift */; };
		D255B906218011B600A011FC /* AppDelegate.swift in Sources */ = {isa = PBXBuildFile; fileRef = D255B905218011B600A011FC /* AppDelegate.swift */; };
		D255B90B218011B600A011FC /* Main.storyboard in Resources */ = {isa = PBXBuildFile; fileRef = D255B909218011B600A011FC /* Main.storyboard */; };
		D255B90D218011B700A011FC /* Assets.xcassets in Resources */ = {isa = PBXBuildFile; fileRef = D255B90C218011B700A011FC /* Assets.xcassets */; };
		D255B910218011B700A011FC /* LaunchScreen.storyboard in Resources */ = {isa = PBXBuildFile; fileRef = D255B90E218011B700A011FC /* LaunchScreen.storyboard */; };
		D255B91B218011B800A011FC /* TrackPointTests.swift in Sources */ = {isa = PBXBuildFile; fileRef = D255B91A218011B800A011FC /* TrackPointTests.swift */; };
		D255B926218011B800A011FC /* TrackPointUITests.swift in Sources */ = {isa = PBXBuildFile; fileRef = D255B925218011B800A011FC /* TrackPointUITests.swift */; };
		D2902BF92182390100589598 /* Profile.swift in Sources */ = {isa = PBXBuildFile; fileRef = D2902BF82182390100589598 /* Profile.swift */; };
		D2902BFB21823FFD00589598 /* Progress.swift in Sources */ = {isa = PBXBuildFile; fileRef = D2902BFA21823FFD00589598 /* Progress.swift */; };
		D2902BFF21824DC500589598 /* GameComplete.swift in Sources */ = {isa = PBXBuildFile; fileRef = D2902BFE21824DC500589598 /* GameComplete.swift */; };
/* End PBXBuildFile section */

/* Begin PBXContainerItemProxy section */
		306F0A43218D114A00468250 /* PBXContainerItemProxy */ = {
			isa = PBXContainerItemProxy;
			containerPortal = D255B8FA218011B600A011FC /* Project object */;
			proxyType = 1;
			remoteGlobalIDString = D255B901218011B600A011FC;
			remoteInfo = TrackPoint;
		};
		306F0A51218D11F500468250 /* PBXContainerItemProxy */ = {
			isa = PBXContainerItemProxy;
			containerPortal = D255B8FA218011B600A011FC /* Project object */;
			proxyType = 1;
			remoteGlobalIDString = D255B901218011B600A011FC;
			remoteInfo = TrackPoint;
		};
		306F0A5F218D121E00468250 /* PBXContainerItemProxy */ = {
			isa = PBXContainerItemProxy;
			containerPortal = D255B8FA218011B600A011FC /* Project object */;
			proxyType = 1;
			remoteGlobalIDString = D255B901218011B600A011FC;
			remoteInfo = TrackPoint;
		};
		D255B917218011B800A011FC /* PBXContainerItemProxy */ = {
			isa = PBXContainerItemProxy;
			containerPortal = D255B8FA218011B600A011FC /* Project object */;
			proxyType = 1;
			remoteGlobalIDString = D255B901218011B600A011FC;
			remoteInfo = TrackPoint;
		};
		D255B922218011B800A011FC /* PBXContainerItemProxy */ = {
			isa = PBXContainerItemProxy;
			containerPortal = D255B8FA218011B600A011FC /* Project object */;
			proxyType = 1;
			remoteGlobalIDString = D255B901218011B600A011FC;
			remoteInfo = TrackPoint;
		};
/* End PBXContainerItemProxy section */

/* Begin PBXFileReference section */
		306F0A3E218D114900468250 /* menuToProfile.xctest */ = {isa = PBXFileReference; explicitFileType = wrapper.cfbundle; includeInIndex = 0; path = menuToProfile.xctest; sourceTree = BUILT_PRODUCTS_DIR; };
		306F0A40218D114A00468250 /* menuToProfile.swift */ = {isa = PBXFileReference; lastKnownFileType = sourcecode.swift; path = menuToProfile.swift; sourceTree = "<group>"; };
		306F0A42218D114A00468250 /* Info.plist */ = {isa = PBXFileReference; lastKnownFileType = text.plist.xml; path = Info.plist; sourceTree = "<group>"; };
		306F0A4C218D11F500468250 /* test.xctest */ = {isa = PBXFileReference; explicitFileType = wrapper.cfbundle; includeInIndex = 0; path = test.xctest; sourceTree = BUILT_PRODUCTS_DIR; };
		306F0A4E218D11F500468250 /* test.swift */ = {isa = PBXFileReference; lastKnownFileType = sourcecode.swift; path = test.swift; sourceTree = "<group>"; };
		306F0A50218D11F500468250 /* Info.plist */ = {isa = PBXFileReference; lastKnownFileType = text.plist.xml; path = Info.plist; sourceTree = "<group>"; };
		306F0A5A218D121E00468250 /* TrackPointUITests1.xctest */ = {isa = PBXFileReference; explicitFileType = wrapper.cfbundle; includeInIndex = 0; path = TrackPointUITests1.xctest; sourceTree = BUILT_PRODUCTS_DIR; };
		306F0A5C218D121E00468250 /* TrackPointUITests1.swift */ = {isa = PBXFileReference; lastKnownFileType = sourcecode.swift; path = TrackPointUITests1.swift; sourceTree = "<group>"; };
		306F0A5E218D121E00468250 /* Info.plist */ = {isa = PBXFileReference; lastKnownFileType = text.plist.xml; path = Info.plist; sourceTree = "<group>"; };
		30F5C917218BADCC0053B6CE /* MedicationPopUpViewController.swift */ = {isa = PBXFileReference; lastKnownFileType = sourcecode.swift; path = MedicationPopUpViewController.swift; sourceTree = "<group>"; };
		49394769218B72FD0033C16B /* collect.swift */ = {isa = PBXFileReference; fileEncoding = 4; lastKnownFileType = sourcecode.swift; path = collect.swift; sourceTree = "<group>"; };
		49E3C84421962FF7007297D4 /* LocalDataSaver.swift */ = {isa = PBXFileReference; lastKnownFileType = sourcecode.swift; path = LocalDataSaver.swift; sourceTree = "<group>"; };
		D207840821810E5A00F653B9 /* TrackPoint.entitlements */ = {isa = PBXFileReference; lastKnownFileType = text.plist.entitlements; path = TrackPoint.entitlements; sourceTree = "<group>"; };
		D20784112181795400F653B9 /* GameScreen.swift */ = {isa = PBXFileReference; lastKnownFileType = sourcecode.swift; path = GameScreen.swift; sourceTree = "<group>"; };
		D23BEF472187F99800B944E9 /* MainMenu.swift */ = {isa = PBXFileReference; lastKnownFileType = sourcecode.swift; path = MainMenu.swift; sourceTree = "<group>"; };
		D255B902218011B600A011FC /* TrackPoint.app */ = {isa = PBXFileReference; explicitFileType = wrapper.application; includeInIndex = 0; path = TrackPoint.app; sourceTree = BUILT_PRODUCTS_DIR; };
		D255B905218011B600A011FC /* AppDelegate.swift */ = {isa = PBXFileReference; lastKnownFileType = sourcecode.swift; path = AppDelegate.swift; sourceTree = "<group>"; };
		D255B90A218011B600A011FC /* Base */ = {isa = PBXFileReference; lastKnownFileType = file.storyboard; name = Base; path = Base.lproj/Main.storyboard; sourceTree = "<group>"; };
		D255B90C218011B700A011FC /* Assets.xcassets */ = {isa = PBXFileReference; lastKnownFileType = folder.assetcatalog; path = Assets.xcassets; sourceTree = "<group>"; };
		D255B90F218011B700A011FC /* Base */ = {isa = PBXFileReference; lastKnownFileType = file.storyboard; name = Base; path = Base.lproj/LaunchScreen.storyboard; sourceTree = "<group>"; };
		D255B911218011B700A011FC /* Info.plist */ = {isa = PBXFileReference; lastKnownFileType = text.plist.xml; path = Info.plist; sourceTree = "<group>"; };
		D255B916218011B800A011FC /* TrackPointTests.xctest */ = {isa = PBXFileReference; explicitFileType = wrapper.cfbundle; includeInIndex = 0; path = TrackPointTests.xctest; sourceTree = BUILT_PRODUCTS_DIR; };
		D255B91A218011B800A011FC /* TrackPointTests.swift */ = {isa = PBXFileReference; lastKnownFileType = sourcecode.swift; path = TrackPointTests.swift; sourceTree = "<group>"; };
		D255B91C218011B800A011FC /* Info.plist */ = {isa = PBXFileReference; lastKnownFileType = text.plist.xml; path = Info.plist; sourceTree = "<group>"; };
		D255B921218011B800A011FC /* TrackPointUITests.xctest */ = {isa = PBXFileReference; explicitFileType = wrapper.cfbundle; includeInIndex = 0; path = TrackPointUITests.xctest; sourceTree = BUILT_PRODUCTS_DIR; };
		D255B925218011B800A011FC /* TrackPointUITests.swift */ = {isa = PBXFileReference; lastKnownFileType = sourcecode.swift; path = TrackPointUITests.swift; sourceTree = "<group>"; };
		D255B927218011B800A011FC /* Info.plist */ = {isa = PBXFileReference; lastKnownFileType = text.plist.xml; path = Info.plist; sourceTree = "<group>"; };
		D2902BF82182390100589598 /* Profile.swift */ = {isa = PBXFileReference; lastKnownFileType = sourcecode.swift; path = Profile.swift; sourceTree = "<group>"; };
		D2902BFA21823FFD00589598 /* Progress.swift */ = {isa = PBXFileReference; lastKnownFileType = sourcecode.swift; path = Progress.swift; sourceTree = "<group>"; };
		D2902BFE21824DC500589598 /* GameComplete.swift */ = {isa = PBXFileReference; lastKnownFileType = sourcecode.swift; path = GameComplete.swift; sourceTree = "<group>"; };
/* End PBXFileReference section */

/* Begin PBXFrameworksBuildPhase section */
		306F0A3B218D114900468250 /* Frameworks */ = {
			isa = PBXFrameworksBuildPhase;
			buildActionMask = 2147483647;
			files = (
			);
			runOnlyForDeploymentPostprocessing = 0;
		};
		306F0A49218D11F500468250 /* Frameworks */ = {
			isa = PBXFrameworksBuildPhase;
			buildActionMask = 2147483647;
			files = (
			);
			runOnlyForDeploymentPostprocessing = 0;
		};
		306F0A57218D121E00468250 /* Frameworks */ = {
			isa = PBXFrameworksBuildPhase;
			buildActionMask = 2147483647;
			files = (
			);
			runOnlyForDeploymentPostprocessing = 0;
		};
		D255B8FF218011B600A011FC /* Frameworks */ = {
			isa = PBXFrameworksBuildPhase;
			buildActionMask = 2147483647;
			files = (
			);
			runOnlyForDeploymentPostprocessing = 0;
		};
		D255B913218011B800A011FC /* Frameworks */ = {
			isa = PBXFrameworksBuildPhase;
			buildActionMask = 2147483647;
			files = (
			);
			runOnlyForDeploymentPostprocessing = 0;
		};
		D255B91E218011B800A011FC /* Frameworks */ = {
			isa = PBXFrameworksBuildPhase;
			buildActionMask = 2147483647;
			files = (
			);
			runOnlyForDeploymentPostprocessing = 0;
		};
/* End PBXFrameworksBuildPhase section */

/* Begin PBXGroup section */
		306F0A3F218D114A00468250 /* menuToProfile */ = {
			isa = PBXGroup;
			children = (
				306F0A40218D114A00468250 /* menuToProfile.swift */,
				306F0A42218D114A00468250 /* Info.plist */,
			);
			path = menuToProfile;
			sourceTree = "<group>";
		};
		306F0A4D218D11F500468250 /* test */ = {
			isa = PBXGroup;
			children = (
				306F0A4E218D11F500468250 /* test.swift */,
				306F0A50218D11F500468250 /* Info.plist */,
			);
			path = test;
			sourceTree = "<group>";
		};
		306F0A5B218D121E00468250 /* TrackPointUITests1 */ = {
			isa = PBXGroup;
			children = (
				306F0A5C218D121E00468250 /* TrackPointUITests1.swift */,
				306F0A5E218D121E00468250 /* Info.plist */,
			);
			path = TrackPointUITests1;
			sourceTree = "<group>";
		};
		D255B8F9218011B600A011FC = {
			isa = PBXGroup;
			children = (
				D255B904218011B600A011FC /* TrackPoint */,
				D255B919218011B800A011FC /* TrackPointTests */,
				D255B924218011B800A011FC /* TrackPointUITests */,
				306F0A3F218D114A00468250 /* menuToProfile */,
				306F0A4D218D11F500468250 /* test */,
				306F0A5B218D121E00468250 /* TrackPointUITests1 */,
				D255B903218011B600A011FC /* Products */,
			);
			sourceTree = "<group>";
		};
		D255B903218011B600A011FC /* Products */ = {
			isa = PBXGroup;
			children = (
				D255B902218011B600A011FC /* TrackPoint.app */,
				D255B916218011B800A011FC /* TrackPointTests.xctest */,
				D255B921218011B800A011FC /* TrackPointUITests.xctest */,
				306F0A3E218D114900468250 /* menuToProfile.xctest */,
				306F0A4C218D11F500468250 /* test.xctest */,
				306F0A5A218D121E00468250 /* TrackPointUITests1.xctest */,
			);
			name = Products;
			sourceTree = "<group>";
		};
		D255B904218011B600A011FC /* TrackPoint */ = {
			isa = PBXGroup;
			children = (
				D207840821810E5A00F653B9 /* TrackPoint.entitlements */,
				D255B905218011B600A011FC /* AppDelegate.swift */,
				49394769218B72FD0033C16B /* collect.swift */,
				D255B909218011B600A011FC /* Main.storyboard */,
				D23BEF472187F99800B944E9 /* MainMenu.swift */,
				D2902BFE21824DC500589598 /* GameComplete.swift */,
				D2902BFA21823FFD00589598 /* Progress.swift */,
				D2902BF82182390100589598 /* Profile.swift */,
				D20784112181795400F653B9 /* GameScreen.swift */,
				30F5C917218BADCC0053B6CE /* MedicationPopUpViewController.swift */,
				D255B90C218011B700A011FC /* Assets.xcassets */,
				D255B90E218011B700A011FC /* LaunchScreen.storyboard */,
				D255B911218011B700A011FC /* Info.plist */,
				49E3C84421962FF7007297D4 /* LocalDataSaver.swift */,
			);
			path = TrackPoint;
			sourceTree = "<group>";
		};
		D255B919218011B800A011FC /* TrackPointTests */ = {
			isa = PBXGroup;
			children = (
				D255B91A218011B800A011FC /* TrackPointTests.swift */,
				D255B91C218011B800A011FC /* Info.plist */,
			);
			path = TrackPointTests;
			sourceTree = "<group>";
		};
		D255B924218011B800A011FC /* TrackPointUITests */ = {
			isa = PBXGroup;
			children = (
				D255B925218011B800A011FC /* TrackPointUITests.swift */,
				D255B927218011B800A011FC /* Info.plist */,
			);
			path = TrackPointUITests;
			sourceTree = "<group>";
		};
/* End PBXGroup section */

/* Begin PBXNativeTarget section */
		306F0A3D218D114900468250 /* menuToProfile */ = {
			isa = PBXNativeTarget;
			buildConfigurationList = 306F0A47218D114A00468250 /* Build configuration list for PBXNativeTarget "menuToProfile" */;
			buildPhases = (
				306F0A3A218D114900468250 /* Sources */,
				306F0A3B218D114900468250 /* Frameworks */,
				306F0A3C218D114900468250 /* Resources */,
			);
			buildRules = (
			);
			dependencies = (
				306F0A44218D114A00468250 /* PBXTargetDependency */,
			);
			name = menuToProfile;
			productName = menuToProfile;
			productReference = 306F0A3E218D114900468250 /* menuToProfile.xctest */;
			productType = "com.apple.product-type.bundle.unit-test";
		};
		306F0A4B218D11F500468250 /* test */ = {
			isa = PBXNativeTarget;
			buildConfigurationList = 306F0A53218D11F500468250 /* Build configuration list for PBXNativeTarget "test" */;
			buildPhases = (
				306F0A48218D11F500468250 /* Sources */,
				306F0A49218D11F500468250 /* Frameworks */,
				306F0A4A218D11F500468250 /* Resources */,
			);
			buildRules = (
			);
			dependencies = (
				306F0A52218D11F500468250 /* PBXTargetDependency */,
			);
			name = test;
			productName = test;
			productReference = 306F0A4C218D11F500468250 /* test.xctest */;
			productType = "com.apple.product-type.bundle.ui-testing";
		};
		306F0A59218D121E00468250 /* TrackPointUITests1 */ = {
			isa = PBXNativeTarget;
			buildConfigurationList = 306F0A61218D121E00468250 /* Build configuration list for PBXNativeTarget "TrackPointUITests1" */;
			buildPhases = (
				306F0A56218D121E00468250 /* Sources */,
				306F0A57218D121E00468250 /* Frameworks */,
				306F0A58218D121E00468250 /* Resources */,
			);
			buildRules = (
			);
			dependencies = (
				306F0A60218D121E00468250 /* PBXTargetDependency */,
			);
			name = TrackPointUITests1;
			productName = TrackPointUITests1;
			productReference = 306F0A5A218D121E00468250 /* TrackPointUITests1.xctest */;
			productType = "com.apple.product-type.bundle.ui-testing";
		};
		D255B901218011B600A011FC /* TrackPoint */ = {
			isa = PBXNativeTarget;
			buildConfigurationList = D255B92A218011B800A011FC /* Build configuration list for PBXNativeTarget "TrackPoint" */;
			buildPhases = (
				D255B8FE218011B600A011FC /* Sources */,
				D255B8FF218011B600A011FC /* Frameworks */,
				D255B900218011B600A011FC /* Resources */,
			);
			buildRules = (
			);
			dependencies = (
			);
			name = TrackPoint;
			productName = TrackPoint;
			productReference = D255B902218011B600A011FC /* TrackPoint.app */;
			productType = "com.apple.product-type.application";
		};
		D255B915218011B800A011FC /* TrackPointTests */ = {
			isa = PBXNativeTarget;
			buildConfigurationList = D255B92D218011B800A011FC /* Build configuration list for PBXNativeTarget "TrackPointTests" */;
			buildPhases = (
				D255B912218011B800A011FC /* Sources */,
				D255B913218011B800A011FC /* Frameworks */,
				D255B914218011B800A011FC /* Resources */,
			);
			buildRules = (
			);
			dependencies = (
				D255B918218011B800A011FC /* PBXTargetDependency */,
			);
			name = TrackPointTests;
			productName = TrackPointTests;
			productReference = D255B916218011B800A011FC /* TrackPointTests.xctest */;
			productType = "com.apple.product-type.bundle.unit-test";
		};
		D255B920218011B800A011FC /* TrackPointUITests */ = {
			isa = PBXNativeTarget;
			buildConfigurationList = D255B930218011B800A011FC /* Build configuration list for PBXNativeTarget "TrackPointUITests" */;
			buildPhases = (
				D255B91D218011B800A011FC /* Sources */,
				D255B91E218011B800A011FC /* Frameworks */,
				D255B91F218011B800A011FC /* Resources */,
			);
			buildRules = (
			);
			dependencies = (
				D255B923218011B800A011FC /* PBXTargetDependency */,
			);
			name = TrackPointUITests;
			productName = TrackPointUITests;
			productReference = D255B921218011B800A011FC /* TrackPointUITests.xctest */;
			productType = "com.apple.product-type.bundle.ui-testing";
		};
/* End PBXNativeTarget section */

/* Begin PBXProject section */
		D255B8FA218011B600A011FC /* Project object */ = {
			isa = PBXProject;
			attributes = {
				LastSwiftUpdateCheck = 1000;
				LastUpgradeCheck = 1000;
				ORGANIZATIONNAME = "Pit Bulls";
				TargetAttributes = {
					306F0A3D218D114900468250 = {
						CreatedOnToolsVersion = 10.0;
						TestTargetID = D255B901218011B600A011FC;
					};
					306F0A4B218D11F500468250 = {
						CreatedOnToolsVersion = 10.0;
						TestTargetID = D255B901218011B600A011FC;
					};
					306F0A59218D121E00468250 = {
						CreatedOnToolsVersion = 10.0;
						TestTargetID = D255B901218011B600A011FC;
					};
					D255B901218011B600A011FC = {
						CreatedOnToolsVersion = 10.0;
						SystemCapabilities = {
							com.apple.Push = {
								enabled = 0;
							};
						};
					};
					D255B915218011B800A011FC = {
						CreatedOnToolsVersion = 10.0;
						TestTargetID = D255B901218011B600A011FC;
					};
					D255B920218011B800A011FC = {
						CreatedOnToolsVersion = 10.0;
						TestTargetID = D255B901218011B600A011FC;
					};
				};
			};
			buildConfigurationList = D255B8FD218011B600A011FC /* Build configuration list for PBXProject "TrackPoint" */;
			compatibilityVersion = "Xcode 9.3";
			developmentRegion = en;
			hasScannedForEncodings = 0;
			knownRegions = (
				en,
				Base,
			);
			mainGroup = D255B8F9218011B600A011FC;
			productRefGroup = D255B903218011B600A011FC /* Products */;
			projectDirPath = "";
			projectRoot = "";
			targets = (
				D255B901218011B600A011FC /* TrackPoint */,
				D255B915218011B800A011FC /* TrackPointTests */,
				D255B920218011B800A011FC /* TrackPointUITests */,
				306F0A3D218D114900468250 /* menuToProfile */,
				306F0A4B218D11F500468250 /* test */,
				306F0A59218D121E00468250 /* TrackPointUITests1 */,
			);
		};
/* End PBXProject section */

/* Begin PBXResourcesBuildPhase section */
		306F0A3C218D114900468250 /* Resources */ = {
			isa = PBXResourcesBuildPhase;
			buildActionMask = 2147483647;
			files = (
			);
			runOnlyForDeploymentPostprocessing = 0;
		};
		306F0A4A218D11F500468250 /* Resources */ = {
			isa = PBXResourcesBuildPhase;
			buildActionMask = 2147483647;
			files = (
			);
			runOnlyForDeploymentPostprocessing = 0;
		};
		306F0A58218D121E00468250 /* Resources */ = {
			isa = PBXResourcesBuildPhase;
			buildActionMask = 2147483647;
			files = (
			);
			runOnlyForDeploymentPostprocessing = 0;
		};
		D255B900218011B600A011FC /* Resources */ = {
			isa = PBXResourcesBuildPhase;
			buildActionMask = 2147483647;
			files = (
				D255B910218011B700A011FC /* LaunchScreen.storyboard in Resources */,
				D255B90D218011B700A011FC /* Assets.xcassets in Resources */,
				D255B90B218011B600A011FC /* Main.storyboard in Resources */,
			);
			runOnlyForDeploymentPostprocessing = 0;
		};
		D255B914218011B800A011FC /* Resources */ = {
			isa = PBXResourcesBuildPhase;
			buildActionMask = 2147483647;
			files = (
			);
			runOnlyForDeploymentPostprocessing = 0;
		};
		D255B91F218011B800A011FC /* Resources */ = {
			isa = PBXResourcesBuildPhase;
			buildActionMask = 2147483647;
			files = (
			);
			runOnlyForDeploymentPostprocessing = 0;
		};
/* End PBXResourcesBuildPhase section */

/* Begin PBXSourcesBuildPhase section */
		306F0A3A218D114900468250 /* Sources */ = {
			isa = PBXSourcesBuildPhase;
			buildActionMask = 2147483647;
			files = (
				306F0A41218D114A00468250 /* menuToProfile.swift in Sources */,
			);
			runOnlyForDeploymentPostprocessing = 0;
		};
		306F0A48218D11F500468250 /* Sources */ = {
			isa = PBXSourcesBuildPhase;
			buildActionMask = 2147483647;
			files = (
				306F0A4F218D11F500468250 /* test.swift in Sources */,
			);
			runOnlyForDeploymentPostprocessing = 0;
		};
		306F0A56218D121E00468250 /* Sources */ = {
			isa = PBXSourcesBuildPhase;
			buildActionMask = 2147483647;
			files = (
				306F0A5D218D121E00468250 /* TrackPointUITests1.swift in Sources */,
			);
			runOnlyForDeploymentPostprocessing = 0;
		};
		D255B8FE218011B600A011FC /* Sources */ = {
			isa = PBXSourcesBuildPhase;
			buildActionMask = 2147483647;
			files = (
				D2902BFB21823FFD00589598 /* Progress.swift in Sources */,
				D23BEF482187F99800B944E9 /* MainMenu.swift in Sources */,
				D2902BF92182390100589598 /* Profile.swift in Sources */,
				4939476A218B72FD0033C16B /* collect.swift in Sources */,
				D2902BFF21824DC500589598 /* GameComplete.swift in Sources */,
				49E3C84521962FF7007297D4 /* LocalDataSaver.swift in Sources */,
				D20784122181795400F653B9 /* GameScreen.swift in Sources */,
				30F5C918218BADCC0053B6CE /* MedicationPopUpViewController.swift in Sources */,
				D255B906218011B600A011FC /* AppDelegate.swift in Sources */,
			);
			runOnlyForDeploymentPostprocessing = 0;
		};
		D255B912218011B800A011FC /* Sources */ = {
			isa = PBXSourcesBuildPhase;
			buildActionMask = 2147483647;
			files = (
				D255B91B218011B800A011FC /* TrackPointTests.swift in Sources */,
			);
			runOnlyForDeploymentPostprocessing = 0;
		};
		D255B91D218011B800A011FC /* Sources */ = {
			isa = PBXSourcesBuildPhase;
			buildActionMask = 2147483647;
			files = (
				D255B926218011B800A011FC /* TrackPointUITests.swift in Sources */,
			);
			runOnlyForDeploymentPostprocessing = 0;
		};
/* End PBXSourcesBuildPhase section */

/* Begin PBXTargetDependency section */
		306F0A44218D114A00468250 /* PBXTargetDependency */ = {
			isa = PBXTargetDependency;
			target = D255B901218011B600A011FC /* TrackPoint */;
			targetProxy = 306F0A43218D114A00468250 /* PBXContainerItemProxy */;
		};
		306F0A52218D11F500468250 /* PBXTargetDependency */ = {
			isa = PBXTargetDependency;
			target = D255B901218011B600A011FC /* TrackPoint */;
			targetProxy = 306F0A51218D11F500468250 /* PBXContainerItemProxy */;
		};
		306F0A60218D121E00468250 /* PBXTargetDependency */ = {
			isa = PBXTargetDependency;
			target = D255B901218011B600A011FC /* TrackPoint */;
			targetProxy = 306F0A5F218D121E00468250 /* PBXContainerItemProxy */;
		};
		D255B918218011B800A011FC /* PBXTargetDependency */ = {
			isa = PBXTargetDependency;
			target = D255B901218011B600A011FC /* TrackPoint */;
			targetProxy = D255B917218011B800A011FC /* PBXContainerItemProxy */;
		};
		D255B923218011B800A011FC /* PBXTargetDependency */ = {
			isa = PBXTargetDependency;
			target = D255B901218011B600A011FC /* TrackPoint */;
			targetProxy = D255B922218011B800A011FC /* PBXContainerItemProxy */;
		};
/* End PBXTargetDependency section */

/* Begin PBXVariantGroup section */
		D255B909218011B600A011FC /* Main.storyboard */ = {
			isa = PBXVariantGroup;
			children = (
				D255B90A218011B600A011FC /* Base */,
			);
			name = Main.storyboard;
			sourceTree = "<group>";
		};
		D255B90E218011B700A011FC /* LaunchScreen.storyboard */ = {
			isa = PBXVariantGroup;
			children = (
				D255B90F218011B700A011FC /* Base */,
			);
			name = LaunchScreen.storyboard;
			sourceTree = "<group>";
		};
/* End PBXVariantGroup section */

/* Begin XCBuildConfiguration section */
		306F0A45218D114A00468250 /* Debug */ = {
			isa = XCBuildConfiguration;
			buildSettings = {
				BUNDLE_LOADER = "$(TEST_HOST)";
				CODE_SIGN_STYLE = Automatic;
				INFOPLIST_FILE = menuToProfile/Info.plist;
				LD_RUNPATH_SEARCH_PATHS = (
					"$(inherited)",
					"@executable_path/Frameworks",
					"@loader_path/Frameworks",
				);
				PRODUCT_BUNDLE_IDENTIFIER = eddiezheng.menuToProfile;
				PRODUCT_NAME = "$(TARGET_NAME)";
				SWIFT_VERSION = 4.2;
				TARGETED_DEVICE_FAMILY = "1,2";
				TEST_HOST = "$(BUILT_PRODUCTS_DIR)/TrackPoint.app/TrackPoint";
			};
			name = Debug;
		};
		306F0A46218D114A00468250 /* Release */ = {
			isa = XCBuildConfiguration;
			buildSettings = {
				BUNDLE_LOADER = "$(TEST_HOST)";
				CODE_SIGN_STYLE = Automatic;
				INFOPLIST_FILE = menuToProfile/Info.plist;
				LD_RUNPATH_SEARCH_PATHS = (
					"$(inherited)",
					"@executable_path/Frameworks",
					"@loader_path/Frameworks",
				);
				PRODUCT_BUNDLE_IDENTIFIER = eddiezheng.menuToProfile;
				PRODUCT_NAME = "$(TARGET_NAME)";
				SWIFT_VERSION = 4.2;
				TARGETED_DEVICE_FAMILY = "1,2";
				TEST_HOST = "$(BUILT_PRODUCTS_DIR)/TrackPoint.app/TrackPoint";
			};
			name = Release;
		};
		306F0A54218D11F500468250 /* Debug */ = {
			isa = XCBuildConfiguration;
			buildSettings = {
				CODE_SIGN_STYLE = Automatic;
				INFOPLIST_FILE = test/Info.plist;
				LD_RUNPATH_SEARCH_PATHS = (
					"$(inherited)",
					"@executable_path/Frameworks",
					"@loader_path/Frameworks",
				);
				PRODUCT_BUNDLE_IDENTIFIER = eddiezheng.test;
				PRODUCT_NAME = "$(TARGET_NAME)";
				SWIFT_VERSION = 4.2;
				TARGETED_DEVICE_FAMILY = "1,2";
				TEST_TARGET_NAME = TrackPoint;
			};
			name = Debug;
		};
		306F0A55218D11F500468250 /* Release */ = {
			isa = XCBuildConfiguration;
			buildSettings = {
				CODE_SIGN_STYLE = Automatic;
				INFOPLIST_FILE = test/Info.plist;
				LD_RUNPATH_SEARCH_PATHS = (
					"$(inherited)",
					"@executable_path/Frameworks",
					"@loader_path/Frameworks",
				);
				PRODUCT_BUNDLE_IDENTIFIER = eddiezheng.test;
				PRODUCT_NAME = "$(TARGET_NAME)";
				SWIFT_VERSION = 4.2;
				TARGETED_DEVICE_FAMILY = "1,2";
				TEST_TARGET_NAME = TrackPoint;
			};
			name = Release;
		};
		306F0A62218D121E00468250 /* Debug */ = {
			isa = XCBuildConfiguration;
			buildSettings = {
				CODE_SIGN_STYLE = Automatic;
				INFOPLIST_FILE = TrackPointUITests1/Info.plist;
				LD_RUNPATH_SEARCH_PATHS = (
					"$(inherited)",
					"@executable_path/Frameworks",
					"@loader_path/Frameworks",
				);
				PRODUCT_BUNDLE_IDENTIFIER = eddiezheng.TrackPointUITests1;
				PRODUCT_NAME = "$(TARGET_NAME)";
				SWIFT_VERSION = 4.2;
				TARGETED_DEVICE_FAMILY = "1,2";
				TEST_TARGET_NAME = TrackPoint;
			};
			name = Debug;
		};
		306F0A63218D121E00468250 /* Release */ = {
			isa = XCBuildConfiguration;
			buildSettings = {
				CODE_SIGN_STYLE = Automatic;
				INFOPLIST_FILE = TrackPointUITests1/Info.plist;
				LD_RUNPATH_SEARCH_PATHS = (
					"$(inherited)",
					"@executable_path/Frameworks",
					"@loader_path/Frameworks",
				);
				PRODUCT_BUNDLE_IDENTIFIER = eddiezheng.TrackPointUITests1;
				PRODUCT_NAME = "$(TARGET_NAME)";
				SWIFT_VERSION = 4.2;
				TARGETED_DEVICE_FAMILY = "1,2";
				TEST_TARGET_NAME = TrackPoint;
			};
			name = Release;
		};
		D255B928218011B800A011FC /* Debug */ = {
			isa = XCBuildConfiguration;
			buildSettings = {
				ALWAYS_SEARCH_USER_PATHS = NO;
				CLANG_ANALYZER_NONNULL = YES;
				CLANG_ANALYZER_NUMBER_OBJECT_CONVERSION = YES_AGGRESSIVE;
				CLANG_CXX_LANGUAGE_STANDARD = "gnu++14";
				CLANG_CXX_LIBRARY = "libc++";
				CLANG_ENABLE_MODULES = YES;
				CLANG_ENABLE_OBJC_ARC = YES;
				CLANG_ENABLE_OBJC_WEAK = YES;
				CLANG_WARN_BLOCK_CAPTURE_AUTORELEASING = YES;
				CLANG_WARN_BOOL_CONVERSION = YES;
				CLANG_WARN_COMMA = YES;
				CLANG_WARN_CONSTANT_CONVERSION = YES;
				CLANG_WARN_DEPRECATED_OBJC_IMPLEMENTATIONS = YES;
				CLANG_WARN_DIRECT_OBJC_ISA_USAGE = YES_ERROR;
				CLANG_WARN_DOCUMENTATION_COMMENTS = YES;
				CLANG_WARN_EMPTY_BODY = YES;
				CLANG_WARN_ENUM_CONVERSION = YES;
				CLANG_WARN_INFINITE_RECURSION = YES;
				CLANG_WARN_INT_CONVERSION = YES;
				CLANG_WARN_NON_LITERAL_NULL_CONVERSION = YES;
				CLANG_WARN_OBJC_IMPLICIT_RETAIN_SELF = YES;
				CLANG_WARN_OBJC_LITERAL_CONVERSION = YES;
				CLANG_WARN_OBJC_ROOT_CLASS = YES_ERROR;
				CLANG_WARN_RANGE_LOOP_ANALYSIS = YES;
				CLANG_WARN_STRICT_PROTOTYPES = YES;
				CLANG_WARN_SUSPICIOUS_MOVE = YES;
				CLANG_WARN_UNGUARDED_AVAILABILITY = YES_AGGRESSIVE;
				CLANG_WARN_UNREACHABLE_CODE = YES;
				CLANG_WARN__DUPLICATE_METHOD_MATCH = YES;
				CODE_SIGN_IDENTITY = "iPhone Developer";
				COPY_PHASE_STRIP = NO;
				DEBUG_INFORMATION_FORMAT = dwarf;
				ENABLE_STRICT_OBJC_MSGSEND = YES;
				ENABLE_TESTABILITY = YES;
				GCC_C_LANGUAGE_STANDARD = gnu11;
				GCC_DYNAMIC_NO_PIC = NO;
				GCC_NO_COMMON_BLOCKS = YES;
				GCC_OPTIMIZATION_LEVEL = 0;
				GCC_PREPROCESSOR_DEFINITIONS = (
					"DEBUG=1",
					"$(inherited)",
				);
				GCC_WARN_64_TO_32_BIT_CONVERSION = YES;
				GCC_WARN_ABOUT_RETURN_TYPE = YES_ERROR;
				GCC_WARN_UNDECLARED_SELECTOR = YES;
				GCC_WARN_UNINITIALIZED_AUTOS = YES_AGGRESSIVE;
				GCC_WARN_UNUSED_FUNCTION = YES;
				GCC_WARN_UNUSED_VARIABLE = YES;
				IPHONEOS_DEPLOYMENT_TARGET = 12.0;
				MTL_ENABLE_DEBUG_INFO = INCLUDE_SOURCE;
				MTL_FAST_MATH = YES;
				ONLY_ACTIVE_ARCH = YES;
				SDKROOT = iphoneos;
				SWIFT_ACTIVE_COMPILATION_CONDITIONS = DEBUG;
				SWIFT_OPTIMIZATION_LEVEL = "-Onone";
			};
			name = Debug;
		};
		D255B929218011B800A011FC /* Release */ = {
			isa = XCBuildConfiguration;
			buildSettings = {
				ALWAYS_SEARCH_USER_PATHS = NO;
				CLANG_ANALYZER_NONNULL = YES;
				CLANG_ANALYZER_NUMBER_OBJECT_CONVERSION = YES_AGGRESSIVE;
				CLANG_CXX_LANGUAGE_STANDARD = "gnu++14";
				CLANG_CXX_LIBRARY = "libc++";
				CLANG_ENABLE_MODULES = YES;
				CLANG_ENABLE_OBJC_ARC = YES;
				CLANG_ENABLE_OBJC_WEAK = YES;
				CLANG_WARN_BLOCK_CAPTURE_AUTORELEASING = YES;
				CLANG_WARN_BOOL_CONVERSION = YES;
				CLANG_WARN_COMMA = YES;
				CLANG_WARN_CONSTANT_CONVERSION = YES;
				CLANG_WARN_DEPRECATED_OBJC_IMPLEMENTATIONS = YES;
				CLANG_WARN_DIRECT_OBJC_ISA_USAGE = YES_ERROR;
				CLANG_WARN_DOCUMENTATION_COMMENTS = YES;
				CLANG_WARN_EMPTY_BODY = YES;
				CLANG_WARN_ENUM_CONVERSION = YES;
				CLANG_WARN_INFINITE_RECURSION = YES;
				CLANG_WARN_INT_CONVERSION = YES;
				CLANG_WARN_NON_LITERAL_NULL_CONVERSION = YES;
				CLANG_WARN_OBJC_IMPLICIT_RETAIN_SELF = YES;
				CLANG_WARN_OBJC_LITERAL_CONVERSION = YES;
				CLANG_WARN_OBJC_ROOT_CLASS = YES_ERROR;
				CLANG_WARN_RANGE_LOOP_ANALYSIS = YES;
				CLANG_WARN_STRICT_PROTOTYPES = YES;
				CLANG_WARN_SUSPICIOUS_MOVE = YES;
				CLANG_WARN_UNGUARDED_AVAILABILITY = YES_AGGRESSIVE;
				CLANG_WARN_UNREACHABLE_CODE = YES;
				CLANG_WARN__DUPLICATE_METHOD_MATCH = YES;
				CODE_SIGN_IDENTITY = "iPhone Developer";
				COPY_PHASE_STRIP = NO;
				DEBUG_INFORMATION_FORMAT = "dwarf-with-dsym";
				ENABLE_NS_ASSERTIONS = NO;
				ENABLE_STRICT_OBJC_MSGSEND = YES;
				GCC_C_LANGUAGE_STANDARD = gnu11;
				GCC_NO_COMMON_BLOCKS = YES;
				GCC_WARN_64_TO_32_BIT_CONVERSION = YES;
				GCC_WARN_ABOUT_RETURN_TYPE = YES_ERROR;
				GCC_WARN_UNDECLARED_SELECTOR = YES;
				GCC_WARN_UNINITIALIZED_AUTOS = YES_AGGRESSIVE;
				GCC_WARN_UNUSED_FUNCTION = YES;
				GCC_WARN_UNUSED_VARIABLE = YES;
				IPHONEOS_DEPLOYMENT_TARGET = 12.0;
				MTL_ENABLE_DEBUG_INFO = NO;
				MTL_FAST_MATH = YES;
				SDKROOT = iphoneos;
				SWIFT_COMPILATION_MODE = wholemodule;
				SWIFT_OPTIMIZATION_LEVEL = "-O";
				VALIDATE_PRODUCT = YES;
			};
			name = Release;
		};
		D255B92B218011B800A011FC /* Debug */ = {
			isa = XCBuildConfiguration;
			buildSettings = {
				ASSETCATALOG_COMPILER_APPICON_NAME = AppIcon;
				CODE_SIGN_STYLE = Automatic;
				DEVELOPMENT_TEAM = KC9ZRQX878;
				INFOPLIST_FILE = TrackPoint/Info.plist;
				LD_RUNPATH_SEARCH_PATHS = (
					"$(inherited)",
					"@executable_path/Frameworks",
				);
				PRODUCT_BUNDLE_IDENTIFIER = com.TrackPoint;
				PRODUCT_NAME = "$(TARGET_NAME)";
				SWIFT_VERSION = 4.2;
				TARGETED_DEVICE_FAMILY = 1;
			};
			name = Debug;
		};
		D255B92C218011B800A011FC /* Release */ = {
			isa = XCBuildConfiguration;
			buildSettings = {
				ASSETCATALOG_COMPILER_APPICON_NAME = AppIcon;
				CODE_SIGN_STYLE = Automatic;
				DEVELOPMENT_TEAM = KC9ZRQX878;
				INFOPLIST_FILE = TrackPoint/Info.plist;
				LD_RUNPATH_SEARCH_PATHS = (
					"$(inherited)",
					"@executable_path/Frameworks",
				);
				PRODUCT_BUNDLE_IDENTIFIER = com.TrackPoint;
				PRODUCT_NAME = "$(TARGET_NAME)";
				SWIFT_VERSION = 4.2;
				TARGETED_DEVICE_FAMILY = 1;
			};
			name = Release;
		};
		D255B92E218011B800A011FC /* Debug */ = {
			isa = XCBuildConfiguration;
			buildSettings = {
				ALWAYS_EMBED_SWIFT_STANDARD_LIBRARIES = YES;
				BUNDLE_LOADER = "$(TEST_HOST)";
				CODE_SIGN_STYLE = Automatic;
				INFOPLIST_FILE = TrackPointTests/Info.plist;
				LD_RUNPATH_SEARCH_PATHS = (
					"$(inherited)",
					"@executable_path/Frameworks",
					"@loader_path/Frameworks",
				);
				PRODUCT_BUNDLE_IDENTIFIER = com.PitBulls.TrackPointTests;
				PRODUCT_NAME = "$(TARGET_NAME)";
				SWIFT_VERSION = 4.2;
				TARGETED_DEVICE_FAMILY = "1,2";
				TEST_HOST = "$(BUILT_PRODUCTS_DIR)/TrackPoint.app/TrackPoint";
			};
			name = Debug;
		};
		D255B92F218011B800A011FC /* Release */ = {
			isa = XCBuildConfiguration;
			buildSettings = {
				ALWAYS_EMBED_SWIFT_STANDARD_LIBRARIES = YES;
				BUNDLE_LOADER = "$(TEST_HOST)";
				CODE_SIGN_STYLE = Automatic;
				INFOPLIST_FILE = TrackPointTests/Info.plist;
				LD_RUNPATH_SEARCH_PATHS = (
					"$(inherited)",
					"@executable_path/Frameworks",
					"@loader_path/Frameworks",
				);
				PRODUCT_BUNDLE_IDENTIFIER = com.PitBulls.TrackPointTests;
				PRODUCT_NAME = "$(TARGET_NAME)";
				SWIFT_VERSION = 4.2;
				TARGETED_DEVICE_FAMILY = "1,2";
				TEST_HOST = "$(BUILT_PRODUCTS_DIR)/TrackPoint.app/TrackPoint";
			};
			name = Release;
		};
		D255B931218011B800A011FC /* Debug */ = {
			isa = XCBuildConfiguration;
			buildSettings = {
				ALWAYS_EMBED_SWIFT_STANDARD_LIBRARIES = YES;
				CODE_SIGN_STYLE = Automatic;
				INFOPLIST_FILE = TrackPointUITests/Info.plist;
				LD_RUNPATH_SEARCH_PATHS = (
					"$(inherited)",
					"@executable_path/Frameworks",
					"@loader_path/Frameworks",
				);
				PRODUCT_BUNDLE_IDENTIFIER = com.PitBulls.TrackPointUITests;
				PRODUCT_NAME = "$(TARGET_NAME)";
				SWIFT_VERSION = 4.2;
				TARGETED_DEVICE_FAMILY = "1,2";
				TEST_TARGET_NAME = TrackPoint;
			};
			name = Debug;
		};
		D255B932218011B800A011FC /* Release */ = {
			isa = XCBuildConfiguration;
			buildSettings = {
				ALWAYS_EMBED_SWIFT_STANDARD_LIBRARIES = YES;
				CODE_SIGN_STYLE = Automatic;
				INFOPLIST_FILE = TrackPointUITests/Info.plist;
				LD_RUNPATH_SEARCH_PATHS = (
					"$(inherited)",
					"@executable_path/Frameworks",
					"@loader_path/Frameworks",
				);
				PRODUCT_BUNDLE_IDENTIFIER = com.PitBulls.TrackPointUITests;
				PRODUCT_NAME = "$(TARGET_NAME)";
				SWIFT_VERSION = 4.2;
				TARGETED_DEVICE_FAMILY = "1,2";
				TEST_TARGET_NAME = TrackPoint;
			};
			name = Release;
		};
/* End XCBuildConfiguration section */

/* Begin XCConfigurationList section */
		306F0A47218D114A00468250 /* Build configuration list for PBXNativeTarget "menuToProfile" */ = {
			isa = XCConfigurationList;
			buildConfigurations = (
				306F0A45218D114A00468250 /* Debug */,
				306F0A46218D114A00468250 /* Release */,
			);
			defaultConfigurationIsVisible = 0;
			defaultConfigurationName = Release;
		};
		306F0A53218D11F500468250 /* Build configuration list for PBXNativeTarget "test" */ = {
			isa = XCConfigurationList;
			buildConfigurations = (
				306F0A54218D11F500468250 /* Debug */,
				306F0A55218D11F500468250 /* Release */,
			);
			defaultConfigurationIsVisible = 0;
			defaultConfigurationName = Release;
		};
		306F0A61218D121E00468250 /* Build configuration list for PBXNativeTarget "TrackPointUITests1" */ = {
			isa = XCConfigurationList;
			buildConfigurations = (
				306F0A62218D121E00468250 /* Debug */,
				306F0A63218D121E00468250 /* Release */,
			);
			defaultConfigurationIsVisible = 0;
			defaultConfigurationName = Release;
		};
		D255B8FD218011B600A011FC /* Build configuration list for PBXProject "TrackPoint" */ = {
			isa = XCConfigurationList;
			buildConfigurations = (
				D255B928218011B800A011FC /* Debug */,
				D255B929218011B800A011FC /* Release */,
			);
			defaultConfigurationIsVisible = 0;
			defaultConfigurationName = Release;
		};
		D255B92A218011B800A011FC /* Build configuration list for PBXNativeTarget "TrackPoint" */ = {
			isa = XCConfigurationList;
			buildConfigurations = (
				D255B92B218011B800A011FC /* Debug */,
				D255B92C218011B800A011FC /* Release */,
			);
			defaultConfigurationIsVisible = 0;
			defaultConfigurationName = Release;
		};
		D255B92D218011B800A011FC /* Build configuration list for PBXNativeTarget "TrackPointTests" */ = {
			isa = XCConfigurationList;
			buildConfigurations = (
				D255B92E218011B800A011FC /* Debug */,
				D255B92F218011B800A011FC /* Release */,
			);
			defaultConfigurationIsVisible = 0;
			defaultConfigurationName = Release;
		};
		D255B930218011B800A011FC /* Build configuration list for PBXNativeTarget "TrackPointUITests" */ = {
			isa = XCConfigurationList;
			buildConfigurations = (
				D255B931218011B800A011FC /* Debug */,
				D255B932218011B800A011FC /* Release */,
			);
			defaultConfigurationIsVisible = 0;
			defaultConfigurationName = Release;
		};
/* End XCConfigurationList section */
	};
	rootObject = D255B8FA218011B600A011FC /* Project object */;
}
